
Microsoft Visual Studio Solution File, Format Version 12.00
# Visual Studio Version 16
VisualStudioVersion = 16.0.31005.135
MinimumVisualStudioVersion = 10.0.40219.1
Project("{FAE04EC0-301F-11D3-BF4B-00C04F79EFBC}") = "StockPricePrediction", "StockPricePrediction.csproj", "{AE0989CA-EDA4-4ACF-AB6C-BE4924352BE9}"
EndProject
Project("{9A19103F-16F7-4668-BE54-9A1E7A4F7556}") = "StockPricePredictionML.Model", "..\StockPricePredictionML.Model\StockPricePredictionML.Model.csproj", "{5D0E17E0-3949-47A2-A8A8-439364F2DAAE}"
EndProject
Project("{9A19103F-16F7-4668-BE54-9A1E7A4F7556}") = "StockPricePredictionML.ConsoleApp", "..\StockPricePredictionML.ConsoleApp\StockPricePredictionML.ConsoleApp.csproj", "{49127128-AAC5-4938-AA65-A9624EE80B82}"
EndProject
Global
	GlobalSection(SolutionConfigurationPlatforms) = preSolution
		Debug|Any CPU = Debug|Any CPU
		Release|Any CPU = Release|Any CPU
	EndGlobalSection
	GlobalSection(ProjectConfigurationPlatforms) = postSolution
		{AE0989CA-EDA4-4ACF-AB6C-BE4924352BE9}.Debug|Any CPU.ActiveCfg = Debug|Any CPU
		{AE0989CA-EDA4-4ACF-AB6C-BE4924352BE9}.Debug|Any CPU.Build.0 = Debug|Any CPU
		{AE0989CA-EDA4-4ACF-AB6C-BE4924352BE9}.Release|Any CPU.ActiveCfg = Release|Any CPU
		{AE0989CA-EDA4-4ACF-AB6C-BE4924352BE9}.Release|Any CPU.Build.0 = Release|Any CPU
		{5D0E17E0-3949-47A2-A8A8-439364F2DAAE}.Debug|Any CPU.ActiveCfg = Debug|Any CPU
		{5D0E17E0-3949-47A2-A8A8-439364F2DAAE}.Debug|Any CPU.Build.0 = Debug|Any CPU
		{5D0E17E0-3949-47A2-A8A8-439364F2DAAE}.Release|Any CPU.ActiveCfg = Release|Any CPU
		{5D0E17E0-3949-47A2-A8A8-439364F2DAAE}.Release|Any CPU.Build.0 = Release|Any CPU
		{49127128-AAC5-4938-AA65-A9624EE80B82}.Debug|Any CPU.ActiveCfg = Debug|Any CPU
		{49127128-AAC5-4938-AA65-A9624EE80B82}.Debug|Any CPU.Build.0 = Debug|Any CPU
		{49127128-AAC5-4938-AA65-A9624EE80B82}.Release|Any CPU.ActiveCfg = Release|Any CPU
		{49127128-AAC5-4938-AA65-A9624EE80B82}.Release|Any CPU.Build.0 = Release|Any CPU
	EndGlobalSection
	GlobalSection(SolutionProperties) = preSolution
		HideSolutionNode = FALSE
	EndGlobalSection
	GlobalSection(ExtensibilityGlobals) = postSolution
		SolutionGuid = {AECA5064-3BC5-4CF0-BBCA-A91FE072EF54}
	EndGlobalSection
EndGlobal
